
Microsoft Visual Studio Solution File, Format Version 12.00
# Visual Studio Version 16
VisualStudioVersion = 16.0.30503.244
MinimumVisualStudioVersion = 10.0.40219.1
Project("{FAE04EC0-301F-11D3-BF4B-00C04F79EFBC}") = "practice 1.4 (sort-string)", "practice 1.4 (sort-string).csproj", "{B0196860-2792-44B2-8D62-4A5E815F9B69}"
EndProject
Global
	GlobalSection(SolutionConfigurationPlatforms) = preSolution
		Debug|Any CPU = Debug|Any CPU
		Release|Any CPU = Release|Any CPU
	EndGlobalSection
	GlobalSection(ProjectConfigurationPlatforms) = postSolution
		{B0196860-2792-44B2-8D62-4A5E815F9B69}.Debug|Any CPU.ActiveCfg = Debug|Any CPU
		{B0196860-2792-44B2-8D62-4A5E815F9B69}.Debug|Any CPU.Build.0 = Debug|Any CPU
		{B0196860-2792-44B2-8D62-4A5E815F9B69}.Release|Any CPU.ActiveCfg = Release|Any CPU
		{B0196860-2792-44B2-8D62-4A5E815F9B69}.Release|Any CPU.Build.0 = Release|Any CPU
	EndGlobalSection
	GlobalSection(SolutionProperties) = preSolution
		HideSolutionNode = FALSE
	EndGlobalSection
	GlobalSection(ExtensibilityGlobals) = postSolution
		SolutionGuid = {D60B07EA-3DC0-4AC0-AD20-BB93F713FF15}
	EndGlobalSection
EndGlobal
